
Microsoft Visual Studio Solution File, Format Version 12.00
# Visual Studio Version 16
VisualStudioVersion = 16.0.31112.23
MinimumVisualStudioVersion = 10.0.40219.1
Project("{9A19103F-16F7-4668-BE54-9A1E7A4F7556}") = "BlazorFilesApp.Server", "BlazorFilesApp\Server\BlazorFilesApp.Server.csproj", "{9B416B39-882A-42D2-A357-D0B996DB9811}"
EndProject
Project("{9A19103F-16F7-4668-BE54-9A1E7A4F7556}") = "BlazorFilesApp.Client", "BlazorFilesApp\Client\BlazorFilesApp.Client.csproj", "{E9B5739B-F0F9-4E1F-8491-D86493BCFDFA}"
EndProject
Project("{9A19103F-16F7-4668-BE54-9A1E7A4F7556}") = "BlazorFilesApp.Shared", "BlazorFilesApp\Shared\BlazorFilesApp.Shared.csproj", "{03DAC4AC-7C60-460D-9F6A-B5222290545E}"
EndProject
Project("{9A19103F-16F7-4668-BE54-9A1E7A4F7556}") = "XeroServices", "XeroServices\XeroServices.csproj", "{22211A32-1957-46B9-99C9-3A7AFE02E859}"
EndProject
Project("{9A19103F-16F7-4668-BE54-9A1E7A4F7556}") = "XeroServices.Tests", "XeroServices.Tests\XeroServices.Tests.csproj", "{9B82DFC8-D2A3-4C5B-A266-B28F24C00447}"
EndProject
Global
	GlobalSection(SolutionConfigurationPlatforms) = preSolution
		Debug|Any CPU = Debug|Any CPU
		Release|Any CPU = Release|Any CPU
	EndGlobalSection
	GlobalSection(ProjectConfigurationPlatforms) = postSolution
		{9B416B39-882A-42D2-A357-D0B996DB9811}.Debug|Any CPU.ActiveCfg = Debug|Any CPU
		{9B416B39-882A-42D2-A357-D0B996DB9811}.Debug|Any CPU.Build.0 = Debug|Any CPU
		{9B416B39-882A-42D2-A357-D0B996DB9811}.Release|Any CPU.ActiveCfg = Release|Any CPU
		{9B416B39-882A-42D2-A357-D0B996DB9811}.Release|Any CPU.Build.0 = Release|Any CPU
		{E9B5739B-F0F9-4E1F-8491-D86493BCFDFA}.Debug|Any CPU.ActiveCfg = Debug|Any CPU
		{E9B5739B-F0F9-4E1F-8491-D86493BCFDFA}.Debug|Any CPU.Build.0 = Debug|Any CPU
		{E9B5739B-F0F9-4E1F-8491-D86493BCFDFA}.Release|Any CPU.ActiveCfg = Release|Any CPU
		{E9B5739B-F0F9-4E1F-8491-D86493BCFDFA}.Release|Any CPU.Build.0 = Release|Any CPU
		{03DAC4AC-7C60-460D-9F6A-B5222290545E}.Debug|Any CPU.ActiveCfg = Debug|Any CPU
		{03DAC4AC-7C60-460D-9F6A-B5222290545E}.Debug|Any CPU.Build.0 = Debug|Any CPU
		{03DAC4AC-7C60-460D-9F6A-B5222290545E}.Release|Any CPU.ActiveCfg = Release|Any CPU
		{03DAC4AC-7C60-460D-9F6A-B5222290545E}.Release|Any CPU.Build.0 = Release|Any CPU
		{22211A32-1957-46B9-99C9-3A7AFE02E859}.Debug|Any CPU.ActiveCfg = Debug|Any CPU
		{22211A32-1957-46B9-99C9-3A7AFE02E859}.Debug|Any CPU.Build.0 = Debug|Any CPU
		{22211A32-1957-46B9-99C9-3A7AFE02E859}.Release|Any CPU.ActiveCfg = Release|Any CPU
		{22211A32-1957-46B9-99C9-3A7AFE02E859}.Release|Any CPU.Build.0 = Release|Any CPU
		{9B82DFC8-D2A3-4C5B-A266-B28F24C00447}.Debug|Any CPU.ActiveCfg = Debug|Any CPU
		{9B82DFC8-D2A3-4C5B-A266-B28F24C00447}.Debug|Any CPU.Build.0 = Debug|Any CPU
		{9B82DFC8-D2A3-4C5B-A266-B28F24C00447}.Release|Any CPU.ActiveCfg = Release|Any CPU
		{9B82DFC8-D2A3-4C5B-A266-B28F24C00447}.Release|Any CPU.Build.0 = Release|Any CPU
	EndGlobalSection
	GlobalSection(SolutionProperties) = preSolution
		HideSolutionNode = FALSE
	EndGlobalSection
	GlobalSection(ExtensibilityGlobals) = postSolution
		SolutionGuid = {8265DDAC-0A96-43C8-86FF-9FA6AA3828D2}
	EndGlobalSection
EndGlobal
